<?xml version="1.0" encoding="utf-8"?>
<Project ToolsVersion="4.0" xmlns="http://schemas.microsoft.com/developer/msbuild/2003">
  <ItemGroup>
    <Filter Include="Source Files">
      <UniqueIdentifier>{4FC737F1-C7A5-4376-A066-2A32D752A2FF}</UniqueIdentifier>
      <Extensions>cpp;c;cc;cxx;def;odl;idl;hpj;bat;asm;asmx</Extensions>
    </Filter>
    <Filter Include="Header Files">
      <UniqueIdentifier>{93995380-89BD-4b04-88EB-625FBE52EBFB}</UniqueIdentifier>
      <Extensions>h;hpp;hxx;hm;inl;inc;xsd</Extensions>
    </Filter>
    <Filter Include="Resource Files">
      <UniqueIdentifier>{67DA6AB6-F800-4c08-8B7A-83BB121AAD01}</UniqueIdentifier>
      <Extensions>rc;ico;cur;bmp;dlg;rc2;rct;bin;rgs;gif;jpg;jpeg;jpe;resx;tiff;tif;png;wav;mfcribbon-ms</Extensions>
    </Filter>
    <Filter Include="Source Files\Primary Game Files">
      <UniqueIdentifier>{e8c9dd12-941f-4ffe-821d-693228fc5653}</UniqueIdentifier>
    </Filter>
    <Filter Include="Source Files\Game Object Files">
      <UniqueIdentifier>{f0b5cff8-4014-441b-96c0-6293f60a6b5d}</UniqueIdentifier>
    </Filter>
    <Filter Include="Header Files\Game Object Headers">
      <UniqueIdentifier>{7bf7982d-f8e4-4e65-af9e-bc71c9ddda5d}</UniqueIdentifier>
    </Filter>
    <Filter Include="Header Files\Management Headers">
      <UniqueIdentifier>{44d0cf8b-192d-4589-b110-7053d0b03fc4}</UniqueIdentifier>
    </Filter>
    <Filter Include="Source Files\Management Files">
      <UniqueIdentifier>{2f645d07-a8e5-43a4-a68e-b511bab3fbf3}</UniqueIdentifier>
    </Filter>
    <Filter Include="Header Files\AI Headers">
      <UniqueIdentifier>{69b64bf3-46cb-4913-864d-602499ae2349}</UniqueIdentifier>
    </Filter>
    <Filter Include="Source Files\AI Files">
      <UniqueIdentifier>{a9de1593-5eb4-4421-9bc5-8fdd33f9f331}</UniqueIdentifier>
    </Filter>
  </ItemGroup>
  <ItemGroup>
    <ClCompile Include="WinMain.cpp">
      <Filter>Source Files\Primary Game Files</Filter>
    </ClCompile>
    <ClCompile Include="GameObject.cpp">
      <Filter>Source Files\Game Object Files</Filter>
    </ClCompile>
    <ClCompile Include="GameSprite.cpp">
      <Filter>Source Files\Game Object Files</Filter>
    </ClCompile>
    <ClCompile Include="EntityManager.cpp">
      <Filter>Source Files\Management Files</Filter>
    </ClCompile>
    <ClCompile Include="World.cpp">
      <Filter>Source Files\Management Files</Filter>
    </ClCompile>
    <ClCompile Include="Villager.cpp">
      <Filter>Source Files\Game Object Files</Filter>
    </ClCompile>
    <ClCompile Include="PathNode.cpp">
      <Filter>Source Files\AI Files</Filter>
    </ClCompile>
    <ClCompile Include="Tile.cpp">
      <Filter>Source Files\AI Files</Filter>
    </ClCompile>
    <ClCompile Include="Pathfinder.cpp">
      <Filter>Source Files\AI Files</Filter>
    </ClCompile>
  </ItemGroup>
  <ItemGroup>
    <ClInclude Include="GameObject.h">
      <Filter>Header Files\Game Object Headers</Filter>
    </ClInclude>
    <ClInclude Include="GameSprite.h">
      <Filter>Header Files\Game Object Headers</Filter>
    </ClInclude>
    <ClInclude Include="World.h">
      <Filter>Header Files\Management Headers</Filter>
    </ClInclude>
    <ClInclude Include="EntityManager.h">
      <Filter>Header Files\Management Headers</Filter>
    </ClInclude>
    <ClInclude Include="Villager.h">
      <Filter>Header Files\Game Object Headers</Filter>
    </ClInclude>
    <ClInclude Include="PathNode.h">
      <Filter>Header Files\AI Headers</Filter>
    </ClInclude>
    <ClInclude Include="Tile.h">
      <Filter>Header Files\AI Headers</Filter>
    </ClInclude>
    <ClInclude Include="Pathfinder.h">
      <Filter>Header Files\AI Headers</Filter>
    </ClInclude>
  </ItemGroup>
</Project>